
Microsoft Visual Studio Solution File, Format Version 12.00
# Visual Studio Version 17
VisualStudioVersion = 17.14.36804.6 d17.14
MinimumVisualStudioVersion = 10.0.40219.1
Project("{FAE04EC0-301F-11D3-BF4B-00C04F79EFBC}") = "EatrySimulationMPA201", "EatrySimulationMPA201\EatrySimulationMPA201.csproj", "{B9FFD377-DF82-4E77-9431-D934B7A557D6}"
EndProject
Global
	GlobalSection(SolutionConfigurationPlatforms) = preSolution
		Debug|Any CPU = Debug|Any CPU
		Release|Any CPU = Release|Any CPU
	EndGlobalSection
	GlobalSection(ProjectConfigurationPlatforms) = postSolution
		{B9FFD377-DF82-4E77-9431-D934B7A557D6}.Debug|Any CPU.ActiveCfg = Debug|Any CPU
		{B9FFD377-DF82-4E77-9431-D934B7A557D6}.Debug|Any CPU.Build.0 = Debug|Any CPU
		{B9FFD377-DF82-4E77-9431-D934B7A557D6}.Release|Any CPU.ActiveCfg = Release|Any CPU
		{B9FFD377-DF82-4E77-9431-D934B7A557D6}.Release|Any CPU.Build.0 = Release|Any CPU
	EndGlobalSection
	GlobalSection(SolutionProperties) = preSolution
		HideSolutionNode = FALSE
	EndGlobalSection
	GlobalSection(ExtensibilityGlobals) = postSolution
		SolutionGuid = {4B6DB228-78E9-4F24-826E-6036B37C78C8}
	EndGlobalSection
EndGlobal
